
Microsoft Visual Studio Solution File, Format Version 12.00
# Visual Studio Version 16
VisualStudioVersion = 16.0.30611.23
MinimumVisualStudioVersion = 10.0.40219.1
Project("{9A19103F-16F7-4668-BE54-9A1E7A4F7556}") = "CWM.StoreManager.Backend.WebApi", "CWM.StoreManager.Backend.WebApi\CWM.StoreManager.Backend.WebApi.csproj", "{E3ACBBD2-459D-487C-AC02-E679DB8D0E67}"
EndProject
Project("{9A19103F-16F7-4668-BE54-9A1E7A4F7556}") = "CWM.StoreManager.Domain", "CWM.StoreManager.Domain\CWM.StoreManager.Domain.csproj", "{055527CF-B66F-4146-AB3B-8D3C611EE344}"
EndProject
Project("{9A19103F-16F7-4668-BE54-9A1E7A4F7556}") = "CWM.StoreManager.Application", "CWM.StoreManager.Application\CWM.StoreManager.Application.csproj", "{01BD6502-1836-4AC5-A735-3FF82992960E}"
EndProject
Project("{9A19103F-16F7-4668-BE54-9A1E7A4F7556}") = "CWM.StoreManager.Infrastructure", "CWM.StoreManager.Infrastructure\CWM.StoreManager.Infrastructure.csproj", "{261BF8F4-EB40-411C-BCC0-6CBE57D7F163}"
EndProject
Project("{9A19103F-16F7-4668-BE54-9A1E7A4F7556}") = "CWM.StoreManager.Persistence", "CWM.StoreManager.Persistence\CWM.StoreManager.Persistence.csproj", "{F57B4037-42A4-4435-AA49-A1B6C3538EF3}"
EndProject
Project("{9A19103F-16F7-4668-BE54-9A1E7A4F7556}") = "CWM.Core.Essentials", "..\CWM.Core.Essentials\CWM.Core.Essentials\CWM.Core.Essentials.csproj", "{79F0F719-A25F-44AA-A4CF-E7B59B5E9A17}"
EndProject
Project("{2150E333-8FDC-42A3-9474-1A3956D46DE8}") = "src", "src", "{CED85133-CF6F-4FFB-8592-5FCFDE44DD03}"
EndProject
Project("{2150E333-8FDC-42A3-9474-1A3956D46DE8}") = "Core", "Core", "{C0C354CE-2581-459E-8AD6-4159E227B263}"
EndProject
Project("{2150E333-8FDC-42A3-9474-1A3956D46DE8}") = "Presentations", "Presentations", "{91458566-E271-400A-A7BF-F91AC703B4DF}"
EndProject
Project("{2150E333-8FDC-42A3-9474-1A3956D46DE8}") = "Infrastructure", "Infrastructure", "{8E437C77-801D-4695-8E4B-B832AFDB5686}"
EndProject
Project("{2150E333-8FDC-42A3-9474-1A3956D46DE8}") = "Clients", "Clients", "{8C97181A-5DEB-4CCD-86B7-A4CA08A179C5}"
EndProject
Project("{FAE04EC0-301F-11D3-BF4B-00C04F79EFBC}") = "CWM.StoreManager.Client.Razor", "CWM.StoreManager.Client.Razor\CWM.StoreManager.Client.Razor.csproj", "{F3E3DB99-25E5-4E3B-8E02-7855985BC149}"
EndProject
Global
	GlobalSection(SolutionConfigurationPlatforms) = preSolution
		Debug|Any CPU = Debug|Any CPU
		Release|Any CPU = Release|Any CPU
	EndGlobalSection
	GlobalSection(ProjectConfigurationPlatforms) = postSolution
		{E3ACBBD2-459D-487C-AC02-E679DB8D0E67}.Debug|Any CPU.ActiveCfg = Debug|Any CPU
		{E3ACBBD2-459D-487C-AC02-E679DB8D0E67}.Debug|Any CPU.Build.0 = Debug|Any CPU
		{E3ACBBD2-459D-487C-AC02-E679DB8D0E67}.Release|Any CPU.ActiveCfg = Release|Any CPU
		{E3ACBBD2-459D-487C-AC02-E679DB8D0E67}.Release|Any CPU.Build.0 = Release|Any CPU
		{055527CF-B66F-4146-AB3B-8D3C611EE344}.Debug|Any CPU.ActiveCfg = Debug|Any CPU
		{055527CF-B66F-4146-AB3B-8D3C611EE344}.Debug|Any CPU.Build.0 = Debug|Any CPU
		{055527CF-B66F-4146-AB3B-8D3C611EE344}.Release|Any CPU.ActiveCfg = Release|Any CPU
		{055527CF-B66F-4146-AB3B-8D3C611EE344}.Release|Any CPU.Build.0 = Release|Any CPU
		{01BD6502-1836-4AC5-A735-3FF82992960E}.Debug|Any CPU.ActiveCfg = Debug|Any CPU
		{01BD6502-1836-4AC5-A735-3FF82992960E}.Debug|Any CPU.Build.0 = Debug|Any CPU
		{01BD6502-1836-4AC5-A735-3FF82992960E}.Release|Any CPU.ActiveCfg = Release|Any CPU
		{01BD6502-1836-4AC5-A735-3FF82992960E}.Release|Any CPU.Build.0 = Release|Any CPU
		{261BF8F4-EB40-411C-BCC0-6CBE57D7F163}.Debug|Any CPU.ActiveCfg = Debug|Any CPU
		{261BF8F4-EB40-411C-BCC0-6CBE57D7F163}.Debug|Any CPU.Build.0 = Debug|Any CPU
		{261BF8F4-EB40-411C-BCC0-6CBE57D7F163}.Release|Any CPU.ActiveCfg = Release|Any CPU
		{261BF8F4-EB40-411C-BCC0-6CBE57D7F163}.Release|Any CPU.Build.0 = Release|Any CPU
		{F57B4037-42A4-4435-AA49-A1B6C3538EF3}.Debug|Any CPU.ActiveCfg = Debug|Any CPU
		{F57B4037-42A4-4435-AA49-A1B6C3538EF3}.Debug|Any CPU.Build.0 = Debug|Any CPU
		{F57B4037-42A4-4435-AA49-A1B6C3538EF3}.Release|Any CPU.ActiveCfg = Release|Any CPU
		{F57B4037-42A4-4435-AA49-A1B6C3538EF3}.Release|Any CPU.Build.0 = Release|Any CPU
		{79F0F719-A25F-44AA-A4CF-E7B59B5E9A17}.Debug|Any CPU.ActiveCfg = Debug|Any CPU
		{79F0F719-A25F-44AA-A4CF-E7B59B5E9A17}.Debug|Any CPU.Build.0 = Debug|Any CPU
		{79F0F719-A25F-44AA-A4CF-E7B59B5E9A17}.Release|Any CPU.ActiveCfg = Release|Any CPU
		{79F0F719-A25F-44AA-A4CF-E7B59B5E9A17}.Release|Any CPU.Build.0 = Release|Any CPU
		{F3E3DB99-25E5-4E3B-8E02-7855985BC149}.Debug|Any CPU.ActiveCfg = Debug|Any CPU
		{F3E3DB99-25E5-4E3B-8E02-7855985BC149}.Debug|Any CPU.Build.0 = Debug|Any CPU
		{F3E3DB99-25E5-4E3B-8E02-7855985BC149}.Release|Any CPU.ActiveCfg = Release|Any CPU
		{F3E3DB99-25E5-4E3B-8E02-7855985BC149}.Release|Any CPU.Build.0 = Release|Any CPU
	EndGlobalSection
	GlobalSection(SolutionProperties) = preSolution
		HideSolutionNode = FALSE
	EndGlobalSection
	GlobalSection(NestedProjects) = preSolution
		{E3ACBBD2-459D-487C-AC02-E679DB8D0E67} = {91458566-E271-400A-A7BF-F91AC703B4DF}
		{055527CF-B66F-4146-AB3B-8D3C611EE344} = {C0C354CE-2581-459E-8AD6-4159E227B263}
		{01BD6502-1836-4AC5-A735-3FF82992960E} = {C0C354CE-2581-459E-8AD6-4159E227B263}
		{261BF8F4-EB40-411C-BCC0-6CBE57D7F163} = {8E437C77-801D-4695-8E4B-B832AFDB5686}
		{F57B4037-42A4-4435-AA49-A1B6C3538EF3} = {8E437C77-801D-4695-8E4B-B832AFDB5686}
		{C0C354CE-2581-459E-8AD6-4159E227B263} = {CED85133-CF6F-4FFB-8592-5FCFDE44DD03}
		{91458566-E271-400A-A7BF-F91AC703B4DF} = {CED85133-CF6F-4FFB-8592-5FCFDE44DD03}
		{8E437C77-801D-4695-8E4B-B832AFDB5686} = {CED85133-CF6F-4FFB-8592-5FCFDE44DD03}
		{8C97181A-5DEB-4CCD-86B7-A4CA08A179C5} = {91458566-E271-400A-A7BF-F91AC703B4DF}
		{F3E3DB99-25E5-4E3B-8E02-7855985BC149} = {8C97181A-5DEB-4CCD-86B7-A4CA08A179C5}
	EndGlobalSection
	GlobalSection(ExtensibilityGlobals) = postSolution
		SolutionGuid = {17CB2385-4995-44E0-8B9A-F19469779507}
	EndGlobalSection
EndGlobal
